
Microsoft Visual Studio Solution File, Format Version 12.00
# Visual Studio Version 17
VisualStudioVersion = 17.9.34622.214
MinimumVisualStudioVersion = 10.0.40219.1
Project("{FAE04EC0-301F-11D3-BF4B-00C04F79EFBC}") = "AgileWorksTest", "AgileWorksTest\AgileWorksTest.csproj", "{118B3F59-ED7D-4AF9-94B7-1FDA16334F4E}"
EndProject
Global
	GlobalSection(SolutionConfigurationPlatforms) = preSolution
		Debug|Any CPU = Debug|Any CPU
		Release|Any CPU = Release|Any CPU
	EndGlobalSection
	GlobalSection(ProjectConfigurationPlatforms) = postSolution
		{118B3F59-ED7D-4AF9-94B7-1FDA16334F4E}.Debug|Any CPU.ActiveCfg = Debug|Any CPU
		{118B3F59-ED7D-4AF9-94B7-1FDA16334F4E}.Debug|Any CPU.Build.0 = Debug|Any CPU
		{118B3F59-ED7D-4AF9-94B7-1FDA16334F4E}.Release|Any CPU.ActiveCfg = Release|Any CPU
		{118B3F59-ED7D-4AF9-94B7-1FDA16334F4E}.Release|Any CPU.Build.0 = Release|Any CPU
	EndGlobalSection
	GlobalSection(SolutionProperties) = preSolution
		HideSolutionNode = FALSE
	EndGlobalSection
	GlobalSection(ExtensibilityGlobals) = postSolution
		SolutionGuid = {8E94B70E-D68F-4411-9517-E3E564AC51E3}
	EndGlobalSection
EndGlobal
